
Microsoft Visual Studio Solution File, Format Version 12.00
Project("{FAE04EC0-301F-11D3-BF4B-00C04F79EFBC}") = "Electron2D", "Electron2D\Electron2D.csproj", "{866C46F5-D6A5-4B66-AA96-489DD22F73DA}"
EndProject
Project("{2150E333-8FDC-42A3-9474-1A3956D46DE8}") = "tests", "tests", "{0AB3BF05-4346-4AA6-1389-037BE0695223}"
EndProject
Project("{FAE04EC0-301F-11D3-BF4B-00C04F79EFBC}") = "Electron2D.Tests.Unit", "..\tests\Electron2D.Tests.Unit\Electron2D.Tests.Unit.csproj", "{E86B2A5D-C3BF-4650-8207-ECAAC7A6766D}"
EndProject
Project("{2150E333-8FDC-42A3-9474-1A3956D46DE8}") = "src", "src", "{827E0CD3-B72D-47B6-A68D-7590B98EB39B}"
EndProject
Project("{FAE04EC0-301F-11D3-BF4B-00C04F79EFBC}") = "Electron2D.Tests.Integration", "..\tests\Electron2D.Tests.Integration\Electron2D.Tests.Integration.csproj", "{3F57FCF2-B74C-40D1-BBDB-6F387749F8FB}"
EndProject
Project("{FAE04EC0-301F-11D3-BF4B-00C04F79EFBC}") = "Electron2D.Tests.RuntimeSmoke", "..\tests\Electron2D.Tests.RuntimeSmoke\Electron2D.Tests.RuntimeSmoke.csproj", "{3A8C7727-8223-4998-A4C7-E94EE09825B1}"
EndProject
Project("{FAE04EC0-301F-11D3-BF4B-00C04F79EFBC}") = "Electron2D.Tests.GoldenData", "..\tests\Electron2D.Tests.GoldenData\Electron2D.Tests.GoldenData.csproj", "{6E3F6C65-479F-45FF-9AAA-C06DD49A040C}"
EndProject
Project("{FAE04EC0-301F-11D3-BF4B-00C04F79EFBC}") = "Electron2D.Tests.AotSmoke", "..\tests\Electron2D.Tests.AotSmoke\Electron2D.Tests.AotSmoke.csproj", "{CAB4005D-CC35-40D0-99BE-D06ADC3E0D57}"
EndProject
Project("{FAE04EC0-301F-11D3-BF4B-00C04F79EFBC}") = "Electron2D.Tests.PhysicsBox2DSmoke", "..\tests\Electron2D.Tests.PhysicsBox2DSmoke\Electron2D.Tests.PhysicsBox2DSmoke.csproj", "{52D2232F-361F-4389-91BA-C62B85EAA7AF}"
EndProject
Global
	GlobalSection(SolutionConfigurationPlatforms) = preSolution
		Debug|Any CPU = Debug|Any CPU
		Debug|x64 = Debug|x64
		Debug|x86 = Debug|x86
		Release|Any CPU = Release|Any CPU
		Release|x64 = Release|x64
		Release|x86 = Release|x86
	EndGlobalSection
	GlobalSection(ProjectConfigurationPlatforms) = postSolution
		{866C46F5-D6A5-4B66-AA96-489DD22F73DA}.Debug|Any CPU.ActiveCfg = Debug|Any CPU
		{866C46F5-D6A5-4B66-AA96-489DD22F73DA}.Debug|Any CPU.Build.0 = Debug|Any CPU
		{866C46F5-D6A5-4B66-AA96-489DD22F73DA}.Debug|x64.ActiveCfg = Debug|Any CPU
		{866C46F5-D6A5-4B66-AA96-489DD22F73DA}.Debug|x64.Build.0 = Debug|Any CPU
		{866C46F5-D6A5-4B66-AA96-489DD22F73DA}.Debug|x86.ActiveCfg = Debug|Any CPU
		{866C46F5-D6A5-4B66-AA96-489DD22F73DA}.Debug|x86.Build.0 = Debug|Any CPU
		{866C46F5-D6A5-4B66-AA96-489DD22F73DA}.Release|Any CPU.ActiveCfg = Release|Any CPU
		{866C46F5-D6A5-4B66-AA96-489DD22F73DA}.Release|Any CPU.Build.0 = Release|Any CPU
		{866C46F5-D6A5-4B66-AA96-489DD22F73DA}.Release|x64.ActiveCfg = Release|Any CPU
		{866C46F5-D6A5-4B66-AA96-489DD22F73DA}.Release|x64.Build.0 = Release|Any CPU
		{866C46F5-D6A5-4B66-AA96-489DD22F73DA}.Release|x86.ActiveCfg = Release|Any CPU
		{866C46F5-D6A5-4B66-AA96-489DD22F73DA}.Release|x86.Build.0 = Release|Any CPU
		{E86B2A5D-C3BF-4650-8207-ECAAC7A6766D}.Debug|Any CPU.ActiveCfg = Debug|Any CPU
		{E86B2A5D-C3BF-4650-8207-ECAAC7A6766D}.Debug|Any CPU.Build.0 = Debug|Any CPU
		{E86B2A5D-C3BF-4650-8207-ECAAC7A6766D}.Debug|x64.ActiveCfg = Debug|Any CPU
		{E86B2A5D-C3BF-4650-8207-ECAAC7A6766D}.Debug|x64.Build.0 = Debug|Any CPU
		{E86B2A5D-C3BF-4650-8207-ECAAC7A6766D}.Debug|x86.ActiveCfg = Debug|Any CPU
		{E86B2A5D-C3BF-4650-8207-ECAAC7A6766D}.Debug|x86.Build.0 = Debug|Any CPU
		{E86B2A5D-C3BF-4650-8207-ECAAC7A6766D}.Release|Any CPU.ActiveCfg = Release|Any CPU
		{E86B2A5D-C3BF-4650-8207-ECAAC7A6766D}.Release|Any CPU.Build.0 = Release|Any CPU
		{E86B2A5D-C3BF-4650-8207-ECAAC7A6766D}.Release|x64.ActiveCfg = Release|Any CPU
		{E86B2A5D-C3BF-4650-8207-ECAAC7A6766D}.Release|x64.Build.0 = Release|Any CPU
		{E86B2A5D-C3BF-4650-8207-ECAAC7A6766D}.Release|x86.ActiveCfg = Release|Any CPU
		{E86B2A5D-C3BF-4650-8207-ECAAC7A6766D}.Release|x86.Build.0 = Release|Any CPU
		{3F57FCF2-B74C-40D1-BBDB-6F387749F8FB}.Debug|Any CPU.ActiveCfg = Debug|Any CPU
		{3F57FCF2-B74C-40D1-BBDB-6F387749F8FB}.Debug|Any CPU.Build.0 = Debug|Any CPU
		{3F57FCF2-B74C-40D1-BBDB-6F387749F8FB}.Debug|x64.ActiveCfg = Debug|Any CPU
		{3F57FCF2-B74C-40D1-BBDB-6F387749F8FB}.Debug|x64.Build.0 = Debug|Any CPU
		{3F57FCF2-B74C-40D1-BBDB-6F387749F8FB}.Debug|x86.ActiveCfg = Debug|Any CPU
		{3F57FCF2-B74C-40D1-BBDB-6F387749F8FB}.Debug|x86.Build.0 = Debug|Any CPU
		{3F57FCF2-B74C-40D1-BBDB-6F387749F8FB}.Release|Any CPU.ActiveCfg = Release|Any CPU
		{3F57FCF2-B74C-40D1-BBDB-6F387749F8FB}.Release|Any CPU.Build.0 = Release|Any CPU
		{3F57FCF2-B74C-40D1-BBDB-6F387749F8FB}.Release|x64.ActiveCfg = Release|Any CPU
		{3F57FCF2-B74C-40D1-BBDB-6F387749F8FB}.Release|x64.Build.0 = Release|Any CPU
		{3F57FCF2-B74C-40D1-BBDB-6F387749F8FB}.Release|x86.ActiveCfg = Release|Any CPU
		{3F57FCF2-B74C-40D1-BBDB-6F387749F8FB}.Release|x86.Build.0 = Release|Any CPU
		{3A8C7727-8223-4998-A4C7-E94EE09825B1}.Debug|Any CPU.ActiveCfg = Debug|Any CPU
		{3A8C7727-8223-4998-A4C7-E94EE09825B1}.Debug|Any CPU.Build.0 = Debug|Any CPU
		{3A8C7727-8223-4998-A4C7-E94EE09825B1}.Debug|x64.ActiveCfg = Debug|Any CPU
		{3A8C7727-8223-4998-A4C7-E94EE09825B1}.Debug|x64.Build.0 = Debug|Any CPU
		{3A8C7727-8223-4998-A4C7-E94EE09825B1}.Debug|x86.ActiveCfg = Debug|Any CPU
		{3A8C7727-8223-4998-A4C7-E94EE09825B1}.Debug|x86.Build.0 = Debug|Any CPU
		{3A8C7727-8223-4998-A4C7-E94EE09825B1}.Release|Any CPU.ActiveCfg = Release|Any CPU
		{3A8C7727-8223-4998-A4C7-E94EE09825B1}.Release|Any CPU.Build.0 = Release|Any CPU
		{3A8C7727-8223-4998-A4C7-E94EE09825B1}.Release|x64.ActiveCfg = Release|Any CPU
		{3A8C7727-8223-4998-A4C7-E94EE09825B1}.Release|x64.Build.0 = Release|Any CPU
		{3A8C7727-8223-4998-A4C7-E94EE09825B1}.Release|x86.ActiveCfg = Release|Any CPU
		{3A8C7727-8223-4998-A4C7-E94EE09825B1}.Release|x86.Build.0 = Release|Any CPU
		{6E3F6C65-479F-45FF-9AAA-C06DD49A040C}.Debug|Any CPU.ActiveCfg = Debug|Any CPU
		{6E3F6C65-479F-45FF-9AAA-C06DD49A040C}.Debug|Any CPU.Build.0 = Debug|Any CPU
		{6E3F6C65-479F-45FF-9AAA-C06DD49A040C}.Debug|x64.ActiveCfg = Debug|Any CPU
		{6E3F6C65-479F-45FF-9AAA-C06DD49A040C}.Debug|x64.Build.0 = Debug|Any CPU
		{6E3F6C65-479F-45FF-9AAA-C06DD49A040C}.Debug|x86.ActiveCfg = Debug|Any CPU
		{6E3F6C65-479F-45FF-9AAA-C06DD49A040C}.Debug|x86.Build.0 = Debug|Any CPU
		{6E3F6C65-479F-45FF-9AAA-C06DD49A040C}.Release|Any CPU.ActiveCfg = Release|Any CPU
		{6E3F6C65-479F-45FF-9AAA-C06DD49A040C}.Release|Any CPU.Build.0 = Release|Any CPU
		{6E3F6C65-479F-45FF-9AAA-C06DD49A040C}.Release|x64.ActiveCfg = Release|Any CPU
		{6E3F6C65-479F-45FF-9AAA-C06DD49A040C}.Release|x64.Build.0 = Release|Any CPU
		{6E3F6C65-479F-45FF-9AAA-C06DD49A040C}.Release|x86.ActiveCfg = Release|Any CPU
		{6E3F6C65-479F-45FF-9AAA-C06DD49A040C}.Release|x86.Build.0 = Release|Any CPU
		{CAB4005D-CC35-40D0-99BE-D06ADC3E0D57}.Debug|Any CPU.ActiveCfg = Debug|Any CPU
		{CAB4005D-CC35-40D0-99BE-D06ADC3E0D57}.Debug|Any CPU.Build.0 = Debug|Any CPU
		{CAB4005D-CC35-40D0-99BE-D06ADC3E0D57}.Debug|x64.ActiveCfg = Debug|Any CPU
		{CAB4005D-CC35-40D0-99BE-D06ADC3E0D57}.Debug|x64.Build.0 = Debug|Any CPU
		{CAB4005D-CC35-40D0-99BE-D06ADC3E0D57}.Debug|x86.ActiveCfg = Debug|Any CPU
		{CAB4005D-CC35-40D0-99BE-D06ADC3E0D57}.Debug|x86.Build.0 = Debug|Any CPU
		{CAB4005D-CC35-40D0-99BE-D06ADC3E0D57}.Release|Any CPU.ActiveCfg = Release|Any CPU
		{CAB4005D-CC35-40D0-99BE-D06ADC3E0D57}.Release|Any CPU.Build.0 = Release|Any CPU
		{CAB4005D-CC35-40D0-99BE-D06ADC3E0D57}.Release|x64.ActiveCfg = Release|Any CPU
		{CAB4005D-CC35-40D0-99BE-D06ADC3E0D57}.Release|x64.Build.0 = Release|Any CPU
		{CAB4005D-CC35-40D0-99BE-D06ADC3E0D57}.Release|x86.ActiveCfg = Release|Any CPU
		{CAB4005D-CC35-40D0-99BE-D06ADC3E0D57}.Release|x86.Build.0 = Release|Any CPU
		{52D2232F-361F-4389-91BA-C62B85EAA7AF}.Debug|Any CPU.ActiveCfg = Debug|Any CPU
		{52D2232F-361F-4389-91BA-C62B85EAA7AF}.Debug|Any CPU.Build.0 = Debug|Any CPU
		{52D2232F-361F-4389-91BA-C62B85EAA7AF}.Debug|x64.ActiveCfg = Debug|Any CPU
		{52D2232F-361F-4389-91BA-C62B85EAA7AF}.Debug|x64.Build.0 = Debug|Any CPU
		{52D2232F-361F-4389-91BA-C62B85EAA7AF}.Debug|x86.ActiveCfg = Debug|Any CPU
		{52D2232F-361F-4389-91BA-C62B85EAA7AF}.Debug|x86.Build.0 = Debug|Any CPU
		{52D2232F-361F-4389-91BA-C62B85EAA7AF}.Release|Any CPU.ActiveCfg = Release|Any CPU
		{52D2232F-361F-4389-91BA-C62B85EAA7AF}.Release|Any CPU.Build.0 = Release|Any CPU
		{52D2232F-361F-4389-91BA-C62B85EAA7AF}.Release|x64.ActiveCfg = Release|Any CPU
		{52D2232F-361F-4389-91BA-C62B85EAA7AF}.Release|x64.Build.0 = Release|Any CPU
		{52D2232F-361F-4389-91BA-C62B85EAA7AF}.Release|x86.ActiveCfg = Release|Any CPU
		{52D2232F-361F-4389-91BA-C62B85EAA7AF}.Release|x86.Build.0 = Release|Any CPU
	EndGlobalSection
	GlobalSection(SolutionProperties) = preSolution
		HideSolutionNode = FALSE
	EndGlobalSection
	GlobalSection(NestedProjects) = preSolution
		{E86B2A5D-C3BF-4650-8207-ECAAC7A6766D} = {0AB3BF05-4346-4AA6-1389-037BE0695223}
		{3F57FCF2-B74C-40D1-BBDB-6F387749F8FB} = {0AB3BF05-4346-4AA6-1389-037BE0695223}
		{3A8C7727-8223-4998-A4C7-E94EE09825B1} = {0AB3BF05-4346-4AA6-1389-037BE0695223}
		{6E3F6C65-479F-45FF-9AAA-C06DD49A040C} = {0AB3BF05-4346-4AA6-1389-037BE0695223}
		{CAB4005D-CC35-40D0-99BE-D06ADC3E0D57} = {0AB3BF05-4346-4AA6-1389-037BE0695223}
	EndGlobalSection
EndGlobal
